// !$*UTF8*$!
{
	archiveVersion = 1;
	classes = {
	};
	objectVersion = 55;
	objects = {

/* Begin PBXBuildFile section */
		477949002989B50200409743 /* AppDelegate.swift in Sources */ = {isa = PBXBuildFile; fileRef = 477948FF2989B50200409743 /* AppDelegate.swift */; };
		477949022989B50200409743 /* SceneDelegate.swift in Sources */ = {isa = PBXBuildFile; fileRef = 477949012989B50200409743 /* SceneDelegate.swift */; };
		477949042989B50200409743 /* ViewController.swift in Sources */ = {isa = PBXBuildFile; fileRef = 477949032989B50200409743 /* ViewController.swift */; };
		477949072989B50200409743 /* Main.storyboard in Resources */ = {isa = PBXBuildFile; fileRef = 477949052989B50200409743 /* Main.storyboard */; };
		477949092989B50300409743 /* Assets.xcassets in Resources */ = {isa = PBXBuildFile; fileRef = 477949082989B50300409743 /* Assets.xcassets */; };
		4779490C2989B50300409743 /* LaunchScreen.storyboard in Resources */ = {isa = PBXBuildFile; fileRef = 4779490A2989B50300409743 /* LaunchScreen.storyboard */; };
		477949172989B50300409743 /* Ponnam_Assignment01Tests.swift in Sources */ = {isa = PBXBuildFile; fileRef = 477949162989B50300409743 /* Ponnam_Assignment01Tests.swift */; };
		477949212989B50300409743 /* Ponnam_Assignment01UITests.swift in Sources */ = {isa = PBXBuildFile; fileRef = 477949202989B50300409743 /* Ponnam_Assignment01UITests.swift */; };
		477949232989B50300409743 /* Ponnam_Assignment01UITestsLaunchTests.swift in Sources */ = {isa = PBXBuildFile; fileRef = 477949222989B50300409743 /* Ponnam_Assignment01UITestsLaunchTests.swift */; };
/* End PBXBuildFile section */

/* Begin PBXContainerItemProxy section */
		477949132989B50300409743 /* PBXContainerItemProxy */ = {
			isa = PBXContainerItemProxy;
			containerPortal = 477948F42989B50200409743 /* Project object */;
			proxyType = 1;
			remoteGlobalIDString = 477948FB2989B50200409743;
			remoteInfo = Ponnam_Assignment01;
		};
		4779491D2989B50300409743 /* PBXContainerItemProxy */ = {
			isa = PBXContainerItemProxy;
			containerPortal = 477948F42989B50200409743 /* Project object */;
			proxyType = 1;
			remoteGlobalIDString = 477948FB2989B50200409743;
			remoteInfo = Ponnam_Assignment01;
		};
/* End PBXContainerItemProxy section */

/* Begin PBXFileReference section */
		477948FC2989B50200409743 /* Ponnam_Assignment01.app */ = {isa = PBXFileReference; explicitFileType = wrapper.application; includeInIndex = 0; path = Ponnam_Assignment01.app; sourceTree = BUILT_PRODUCTS_DIR; };
		477948FF2989B50200409743 /* AppDelegate.swift */ = {isa = PBXFileReference; lastKnownFileType = sourcecode.swift; path = AppDelegate.swift; sourceTree = "<group>"; };
		477949012989B50200409743 /* SceneDelegate.swift */ = {isa = PBXFileReference; lastKnownFileType = sourcecode.swift; path = SceneDelegate.swift; sourceTree = "<group>"; };
		477949032989B50200409743 /* ViewController.swift */ = {isa = PBXFileReference; lastKnownFileType = sourcecode.swift; path = ViewController.swift; sourceTree = "<group>"; };
		477949062989B50200409743 /* Base */ = {isa = PBXFileReference; lastKnownFileType = file.storyboard; name = Base; path = Base.lproj/Main.storyboard; sourceTree = "<group>"; };
		477949082989B50300409743 /* Assets.xcassets */ = {isa = PBXFileReference; lastKnownFileType = folder.assetcatalog; path = Assets.xcassets; sourceTree = "<group>"; };
		4779490B2989B50300409743 /* Base */ = {isa = PBXFileReference; lastKnownFileType = file.storyboard; name = Base; path = Base.lproj/LaunchScreen.storyboard; sourceTree = "<group>"; };
		4779490D2989B50300409743 /* Info.plist */ = {isa = PBXFileReference; lastKnownFileType = text.plist.xml; path = Info.plist; sourceTree = "<group>"; };
		477949122989B50300409743 /* Ponnam_Assignment01Tests.xctest */ = {isa = PBXFileReference; explicitFileType = wrapper.cfbundle; includeInIndex = 0; path = Ponnam_Assignment01Tests.xctest; sourceTree = BUILT_PRODUCTS_DIR; };
		477949162989B50300409743 /* Ponnam_Assignment01Tests.swift */ = {isa = PBXFileReference; lastKnownFileType = sourcecode.swift; path = Ponnam_Assignment01Tests.swift; sourceTree = "<group>"; };
		4779491C2989B50300409743 /* Ponnam_Assignment01UITests.xctest */ = {isa = PBXFileReference; explicitFileType = wrapper.cfbundle; includeInIndex = 0; path = Ponnam_Assignment01UITests.xctest; sourceTree = BUILT_PRODUCTS_DIR; };
		477949202989B50300409743 /* Ponnam_Assignment01UITests.swift */ = {isa = PBXFileReference; lastKnownFileType = sourcecode.swift; path = Ponnam_Assignment01UITests.swift; sourceTree = "<group>"; };
		477949222989B50300409743 /* Ponnam_Assignment01UITestsLaunchTests.swift */ = {isa = PBXFileReference; lastKnownFileType = sourcecode.swift; path = Ponnam_Assignment01UITestsLaunchTests.swift; sourceTree = "<group>"; };
/* End PBXFileReference section */

/* Begin PBXFrameworksBuildPhase section */
		477948F92989B50200409743 /* Frameworks */ = {
			isa = PBXFrameworksBuildPhase;
			buildActionMask = 2147483647;
			files = (
			);
			runOnlyForDeploymentPostprocessing = 0;
		};
		4779490F2989B50300409743 /* Frameworks */ = {
			isa = PBXFrameworksBuildPhase;
			buildActionMask = 2147483647;
			files = (
			);
			runOnlyForDeploymentPostprocessing = 0;
		};
		477949192989B50300409743 /* Frameworks */ = {
			isa = PBXFrameworksBuildPhase;
			buildActionMask = 2147483647;
			files = (
			);
			runOnlyForDeploymentPostprocessing = 0;
		};
/* End PBXFrameworksBuildPhase section */

/* Begin PBXGroup section */
		477948F32989B50200409743 = {
			isa = PBXGroup;
			children = (
				477948FE2989B50200409743 /* Ponnam_Assignment01 */,
				477949152989B50300409743 /* Ponnam_Assignment01Tests */,
				4779491F2989B50300409743 /* Ponnam_Assignment01UITests */,
				477948FD2989B50200409743 /* Products */,
			);
			sourceTree = "<group>";
		};
		477948FD2989B50200409743 /* Products */ = {
			isa = PBXGroup;
			children = (
				477948FC2989B50200409743 /* Ponnam_Assignment01.app */,
				477949122989B50300409743 /* Ponnam_Assignment01Tests.xctest */,
				4779491C2989B50300409743 /* Ponnam_Assignment01UITests.xctest */,
			);
			name = Products;
			sourceTree = "<group>";
		};
		477948FE2989B50200409743 /* Ponnam_Assignment01 */ = {
			isa = PBXGroup;
			children = (
				477948FF2989B50200409743 /* AppDelegate.swift */,
				477949012989B50200409743 /* SceneDelegate.swift */,
				477949032989B50200409743 /* ViewController.swift */,
				477949052989B50200409743 /* Main.storyboard */,
				477949082989B50300409743 /* Assets.xcassets */,
				4779490A2989B50300409743 /* LaunchScreen.storyboard */,
				4779490D2989B50300409743 /* Info.plist */,
			);
			path = Ponnam_Assignment01;
			sourceTree = "<group>";
		};
		477949152989B50300409743 /* Ponnam_Assignment01Tests */ = {
			isa = PBXGroup;
			children = (
				477949162989B50300409743 /* Ponnam_Assignment01Tests.swift */,
			);
			path = Ponnam_Assignment01Tests;
			sourceTree = "<group>";
		};
		4779491F2989B50300409743 /* Ponnam_Assignment01UITests */ = {
			isa = PBXGroup;
			children = (
				477949202989B50300409743 /* Ponnam_Assignment01UITests.swift */,
				477949222989B50300409743 /* Ponnam_Assignment01UITestsLaunchTests.swift */,
			);
			path = Ponnam_Assignment01UITests;
			sourceTree = "<group>";
		};
/* End PBXGroup section */

/* Begin PBXNativeTarget section */
		477948FB2989B50200409743 /* Ponnam_Assignment01 */ = {
			isa = PBXNativeTarget;
			buildConfigurationList = 477949262989B50300409743 /* Build configuration list for PBXNativeTarget "Ponnam_Assignment01" */;
			buildPhases = (
				477948F82989B50200409743 /* Sources */,
				477948F92989B50200409743 /* Frameworks */,
				477948FA2989B50200409743 /* Resources */,
			);
			buildRules = (
			);
			dependencies = (
			);
			name = Ponnam_Assignment01;
			productName = Ponnam_Assignment01;
			productReference = 477948FC2989B50200409743 /* Ponnam_Assignment01.app */;
			productType = "com.apple.product-type.application";
		};
		477949112989B50300409743 /* Ponnam_Assignment01Tests */ = {
			isa = PBXNativeTarget;
			buildConfigurationList = 477949292989B50300409743 /* Build configuration list for PBXNativeTarget "Ponnam_Assignment01Tests" */;
			buildPhases = (
				4779490E2989B50300409743 /* Sources */,
				4779490F2989B50300409743 /* Frameworks */,
				477949102989B50300409743 /* Resources */,
			);
			buildRules = (
			);
			dependencies = (
				477949142989B50300409743 /* PBXTargetDependency */,
			);
			name = Ponnam_Assignment01Tests;
			productName = Ponnam_Assignment01Tests;
			productReference = 477949122989B50300409743 /* Ponnam_Assignment01Tests.xctest */;
			productType = "com.apple.product-type.bundle.unit-test";
		};
		4779491B2989B50300409743 /* Ponnam_Assignment01UITests */ = {
			isa = PBXNativeTarget;
			buildConfigurationList = 4779492C2989B50300409743 /* Build configuration list for PBXNativeTarget "Ponnam_Assignment01UITests" */;
			buildPhases = (
				477949182989B50300409743 /* Sources */,
				477949192989B50300409743 /* Frameworks */,
				4779491A2989B50300409743 /* Resources */,
			);
			buildRules = (
			);
			dependencies = (
				4779491E2989B50300409743 /* PBXTargetDependency */,
			);
			name = Ponnam_Assignment01UITests;
			productName = Ponnam_Assignment01UITests;
			productReference = 4779491C2989B50300409743 /* Ponnam_Assignment01UITests.xctest */;
			productType = "com.apple.product-type.bundle.ui-testing";
		};
/* End PBXNativeTarget section */

/* Begin PBXProject section */
		477948F42989B50200409743 /* Project object */ = {
			isa = PBXProject;
			attributes = {
				BuildIndependentTargetsInParallel = 1;
				LastSwiftUpdateCheck = 1340;
				LastUpgradeCheck = 1340;
				TargetAttributes = {
					477948FB2989B50200409743 = {
						CreatedOnToolsVersion = 13.4.1;
					};
					477949112989B50300409743 = {
						CreatedOnToolsVersion = 13.4.1;
						TestTargetID = 477948FB2989B50200409743;
					};
					4779491B2989B50300409743 = {
						CreatedOnToolsVersion = 13.4.1;
						TestTargetID = 477948FB2989B50200409743;
					};
				};
			};
			buildConfigurationList = 477948F72989B50200409743 /* Build configuration list for PBXProject "Ponnam_Assignment01" */;
			compatibilityVersion = "Xcode 13.0";
			developmentRegion = en;
			hasScannedForEncodings = 0;
			knownRegions = (
				en,
				Base,
			);
			mainGroup = 477948F32989B50200409743;
			productRefGroup = 477948FD2989B50200409743 /* Products */;
			projectDirPath = "";
			projectRoot = "";
			targets = (
				477948FB2989B50200409743 /* Ponnam_Assignment01 */,
				477949112989B50300409743 /* Ponnam_Assignment01Tests */,
				4779491B2989B50300409743 /* Ponnam_Assignment01UITests */,
			);
		};
/* End PBXProject section */

/* Begin PBXResourcesBuildPhase section */
		477948FA2989B50200409743 /* Resources */ = {
			isa = PBXResourcesBuildPhase;
			buildActionMask = 2147483647;
			files = (
				4779490C2989B50300409743 /* LaunchScreen.storyboard in Resources */,
				477949092989B50300409743 /* Assets.xcassets in Resources */,
				477949072989B50200409743 /* Main.storyboard in Resources */,
			);
			runOnlyForDeploymentPostprocessing = 0;
		};
		477949102989B50300409743 /* Resources */ = {
			isa = PBXResourcesBuildPhase;
			buildActionMask = 2147483647;
			files = (
			);
			runOnlyForDeploymentPostprocessing = 0;
		};
		4779491A2989B50300409743 /* Resources */ = {
			isa = PBXResourcesBuildPhase;
			buildActionMask = 2147483647;
			files = (
			);
			runOnlyForDeploymentPostprocessing = 0;
		};
/* End PBXResourcesBuildPhase section */

/* Begin PBXSourcesBuildPhase section */
		477948F82989B50200409743 /* Sources */ = {
			isa = PBXSourcesBuildPhase;
			buildActionMask = 2147483647;
			files = (
				477949042989B50200409743 /* ViewController.swift in Sources */,
				477949002989B50200409743 /* AppDelegate.swift in Sources */,
				477949022989B50200409743 /* SceneDelegate.swift in Sources */,
			);
			runOnlyForDeploymentPostprocessing = 0;
		};
		4779490E2989B50300409743 /* Sources */ = {
			isa = PBXSourcesBuildPhase;
			buildActionMask = 2147483647;
			files = (
				477949172989B50300409743 /* Ponnam_Assignment01Tests.swift in Sources */,
			);
			runOnlyForDeploymentPostprocessing = 0;
		};
		477949182989B50300409743 /* Sources */ = {
			isa = PBXSourcesBuildPhase;
			buildActionMask = 2147483647;
			files = (
				477949212989B50300409743 /* Ponnam_Assignment01UITests.swift in Sources */,
				477949232989B50300409743 /* Ponnam_Assignment01UITestsLaunchTests.swift in Sources */,
			);
			runOnlyForDeploymentPostprocessing = 0;
		};
/* End PBXSourcesBuildPhase section */

/* Begin PBXTargetDependency section */
		477949142989B50300409743 /* PBXTargetDependency */ = {
			isa = PBXTargetDependency;
			target = 477948FB2989B50200409743 /* Ponnam_Assignment01 */;
			targetProxy = 477949132989B50300409743 /* PBXContainerItemProxy */;
		};
		4779491E2989B50300409743 /* PBXTargetDependency */ = {
			isa = PBXTargetDependency;
			target = 477948FB2989B50200409743 /* Ponnam_Assignment01 */;
			targetProxy = 4779491D2989B50300409743 /* PBXContainerItemProxy */;
		};
/* End PBXTargetDependency section */

/* Begin PBXVariantGroup section */
		477949052989B50200409743 /* Main.storyboard */ = {
			isa = PBXVariantGroup;
			children = (
				477949062989B50200409743 /* Base */,
			);
			name = Main.storyboard;
			sourceTree = "<group>";
		};
		4779490A2989B50300409743 /* LaunchScreen.storyboard */ = {
			isa = PBXVariantGroup;
			children = (
				4779490B2989B50300409743 /* Base */,
			);
			name = LaunchScreen.storyboard;
			sourceTree = "<group>";
		};
/* End PBXVariantGroup section */

/* Begin XCBuildConfiguration section */
		477949242989B50300409743 /* Debug */ = {
			isa = XCBuildConfiguration;
			buildSettings = {
				ALWAYS_SEARCH_USER_PATHS = NO;
				CLANG_ANALYZER_NONNULL = YES;
				CLANG_ANALYZER_NUMBER_OBJECT_CONVERSION = YES_AGGRESSIVE;
				CLANG_CXX_LANGUAGE_STANDARD = "gnu++17";
				CLANG_ENABLE_MODULES = YES;
				CLANG_ENABLE_OBJC_ARC = YES;
				CLANG_ENABLE_OBJC_WEAK = YES;
				CLANG_WARN_BLOCK_CAPTURE_AUTORELEASING = YES;
				CLANG_WARN_BOOL_CONVERSION = YES;
				CLANG_WARN_COMMA = YES;
				CLANG_WARN_CONSTANT_CONVERSION = YES;
				CLANG_WARN_DEPRECATED_OBJC_IMPLEMENTATIONS = YES;
				CLANG_WARN_DIRECT_OBJC_ISA_USAGE = YES_ERROR;
				CLANG_WARN_DOCUMENTATION_COMMENTS = YES;
				CLANG_WARN_EMPTY_BODY = YES;
				CLANG_WARN_ENUM_CONVERSION = YES;
				CLANG_WARN_INFINITE_RECURSION = YES;
				CLANG_WARN_INT_CONVERSION = YES;
				CLANG_WARN_NON_LITERAL_NULL_CONVERSION = YES;
				CLANG_WARN_OBJC_IMPLICIT_RETAIN_SELF = YES;
				CLANG_WARN_OBJC_LITERAL_CONVERSION = YES;
				CLANG_WARN_OBJC_ROOT_CLASS = YES_ERROR;
				CLANG_WARN_QUOTED_INCLUDE_IN_FRAMEWORK_HEADER = YES;
				CLANG_WARN_RANGE_LOOP_ANALYSIS = YES;
				CLANG_WARN_STRICT_PROTOTYPES = YES;
				CLANG_WARN_SUSPICIOUS_MOVE = YES;
				CLANG_WARN_UNGUARDED_AVAILABILITY = YES_AGGRESSIVE;
				CLANG_WARN_UNREACHABLE_CODE = YES;
				CLANG_WARN__DUPLICATE_METHOD_MATCH = YES;
				COPY_PHASE_STRIP = NO;
				DEBUG_INFORMATION_FORMAT = dwarf;
				ENABLE_STRICT_OBJC_MSGSEND = YES;
				ENABLE_TESTABILITY = YES;
				GCC_C_LANGUAGE_STANDARD = gnu11;
				GCC_DYNAMIC_NO_PIC = NO;
				GCC_NO_COMMON_BLOCKS = YES;
				GCC_OPTIMIZATION_LEVEL = 0;
				GCC_PREPROCESSOR_DEFINITIONS = (
					"DEBUG=1",
					"$(inherited)",
				);
				GCC_WARN_64_TO_32_BIT_CONVERSION = YES;
				GCC_WARN_ABOUT_RETURN_TYPE = YES_ERROR;
				GCC_WARN_UNDECLARED_SELECTOR = YES;
				GCC_WARN_UNINITIALIZED_AUTOS = YES_AGGRESSIVE;
				GCC_WARN_UNUSED_FUNCTION = YES;
				GCC_WARN_UNUSED_VARIABLE = YES;
				IPHONEOS_DEPLOYMENT_TARGET = 15.5;
				MTL_ENABLE_DEBUG_INFO = INCLUDE_SOURCE;
				MTL_FAST_MATH = YES;
				ONLY_ACTIVE_ARCH = YES;
				SDKROOT = iphoneos;
				SWIFT_ACTIVE_COMPILATION_CONDITIONS = DEBUG;
				SWIFT_OPTIMIZATION_LEVEL = "-Onone";
			};
			name = Debug;
		};
		477949252989B50300409743 /* Release */ = {
			isa = XCBuildConfiguration;
			buildSettings = {
				ALWAYS_SEARCH_USER_PATHS = NO;
				CLANG_ANALYZER_NONNULL = YES;
				CLANG_ANALYZER_NUMBER_OBJECT_CONVERSION = YES_AGGRESSIVE;
				CLANG_CXX_LANGUAGE_STANDARD = "gnu++17";
				CLANG_ENABLE_MODULES = YES;
				CLANG_ENABLE_OBJC_ARC = YES;
				CLANG_ENABLE_OBJC_WEAK = YES;
				CLANG_WARN_BLOCK_CAPTURE_AUTORELEASING = YES;
				CLANG_WARN_BOOL_CONVERSION = YES;
				CLANG_WARN_COMMA = YES;
				CLANG_WARN_CONSTANT_CONVERSION = YES;
				CLANG_WARN_DEPRECATED_OBJC_IMPLEMENTATIONS = YES;
				CLANG_WARN_DIRECT_OBJC_ISA_USAGE = YES_ERROR;
				CLANG_WARN_DOCUMENTATION_COMMENTS = YES;
				CLANG_WARN_EMPTY_BODY = YES;
				CLANG_WARN_ENUM_CONVERSION = YES;
				CLANG_WARN_INFINITE_RECURSION = YES;
				CLANG_WARN_INT_CONVERSION = YES;
				CLANG_WARN_NON_LITERAL_NULL_CONVERSION = YES;
				CLANG_WARN_OBJC_IMPLICIT_RETAIN_SELF = YES;
				CLANG_WARN_OBJC_LITERAL_CONVERSION = YES;
				CLANG_WARN_OBJC_ROOT_CLASS = YES_ERROR;
				CLANG_WARN_QUOTED_INCLUDE_IN_FRAMEWORK_HEADER = YES;
				CLANG_WARN_RANGE_LOOP_ANALYSIS = YES;
				CLANG_WARN_STRICT_PROTOTYPES = YES;
				CLANG_WARN_SUSPICIOUS_MOVE = YES;
				CLANG_WARN_UNGUARDED_AVAILABILITY = YES_AGGRESSIVE;
				CLANG_WARN_UNREACHABLE_CODE = YES;
				CLANG_WARN__DUPLICATE_METHOD_MATCH = YES;
				COPY_PHASE_STRIP = NO;
				DEBUG_INFORMATION_FORMAT = "dwarf-with-dsym";
				ENABLE_NS_ASSERTIONS = NO;
				ENABLE_STRICT_OBJC_MSGSEND = YES;
				GCC_C_LANGUAGE_STANDARD = gnu11;
				GCC_NO_COMMON_BLOCKS = YES;
				GCC_WARN_64_TO_32_BIT_CONVERSION = YES;
				GCC_WARN_ABOUT_RETURN_TYPE = YES_ERROR;
				GCC_WARN_UNDECLARED_SELECTOR = YES;
				GCC_WARN_UNINITIALIZED_AUTOS = YES_AGGRESSIVE;
				GCC_WARN_UNUSED_FUNCTION = YES;
				GCC_WARN_UNUSED_VARIABLE = YES;
				IPHONEOS_DEPLOYMENT_TARGET = 15.5;
				MTL_ENABLE_DEBUG_INFO = NO;
				MTL_FAST_MATH = YES;
				SDKROOT = iphoneos;
				SWIFT_COMPILATION_MODE = wholemodule;
				SWIFT_OPTIMIZATION_LEVEL = "-O";
				VALIDATE_PRODUCT = YES;
			};
			name = Release;
		};
		477949272989B50300409743 /* Debug */ = {
			isa = XCBuildConfiguration;
			buildSettings = {
				ASSETCATALOG_COMPILER_APPICON_NAME = AppIcon;
				ASSETCATALOG_COMPILER_GLOBAL_ACCENT_COLOR_NAME = AccentColor;
				CODE_SIGN_STYLE = Automatic;
				CURRENT_PROJECT_VERSION = 1;
				GENERATE_INFOPLIST_FILE = YES;
				INFOPLIST_FILE = Ponnam_Assignment01/Info.plist;
				INFOPLIST_KEY_UIApplicationSupportsIndirectInputEvents = YES;
				INFOPLIST_KEY_UILaunchStoryboardName = LaunchScreen;
				INFOPLIST_KEY_UIMainStoryboardFile = Main;
				INFOPLIST_KEY_UISupportedInterfaceOrientations_iPad = "UIInterfaceOrientationPortrait UIInterfaceOrientationPortraitUpsideDown UIInterfaceOrientationLandscapeLeft UIInterfaceOrientationLandscapeRight";
				INFOPLIST_KEY_UISupportedInterfaceOrientations_iPhone = "UIInterfaceOrientationPortrait UIInterfaceOrientationLandscapeLeft UIInterfaceOrientationLandscapeRight";
				IPHONEOS_DEPLOYMENT_TARGET = 15.0;
				LD_RUNPATH_SEARCH_PATHS = (
					"$(inherited)",
					"@executable_path/Frameworks",
				);
				MARKETING_VERSION = 1.0;
				PRODUCT_BUNDLE_IDENTIFIER = "nwmissouri.edu.Ponnam-Assignment01";
				PRODUCT_NAME = "$(TARGET_NAME)";
				SWIFT_EMIT_LOC_STRINGS = YES;
				SWIFT_VERSION = 5.0;
				TARGETED_DEVICE_FAMILY = "1,2";
			};
			name = Debug;
		};
		477949282989B50300409743 /* Release */ = {
			isa = XCBuildConfiguration;
			buildSettings = {
				ASSETCATALOG_COMPILER_APPICON_NAME = AppIcon;
				ASSETCATALOG_COMPILER_GLOBAL_ACCENT_COLOR_NAME = AccentColor;
				CODE_SIGN_STYLE = Automatic;
				CURRENT_PROJECT_VERSION = 1;
				GENERATE_INFOPLIST_FILE = YES;
				INFOPLIST_FILE = Ponnam_Assignment01/Info.plist;
				INFOPLIST_KEY_UIApplicationSupportsIndirectInputEvents = YES;
				INFOPLIST_KEY_UILaunchStoryboardName = LaunchScreen;
				INFOPLIST_KEY_UIMainStoryboardFile = Main;
				INFOPLIST_KEY_UISupportedInterfaceOrientations_iPad = "UIInterfaceOrientationPortrait UIInterfaceOrientationPortraitUpsideDown UIInterfaceOrientationLandscapeLeft UIInterfaceOrientationLandscapeRight";
				INFOPLIST_KEY_UISupportedInterfaceOrientations_iPhone = "UIInterfaceOrientationPortrait UIInterfaceOrientationLandscapeLeft UIInterfaceOrientationLandscapeRight";
				IPHONEOS_DEPLOYMENT_TARGET = 15.0;
				LD_RUNPATH_SEARCH_PATHS = (
					"$(inherited)",
					"@executable_path/Frameworks",
				);
				MARKETING_VERSION = 1.0;
				PRODUCT_BUNDLE_IDENTIFIER = "nwmissouri.edu.Ponnam-Assignment01";
				PRODUCT_NAME = "$(TARGET_NAME)";
				SWIFT_EMIT_LOC_STRINGS = YES;
				SWIFT_VERSION = 5.0;
				TARGETED_DEVICE_FAMILY = "1,2";
			};
			name = Release;
		};
		4779492A2989B50300409743 /* Debug */ = {
			isa = XCBuildConfiguration;
			buildSettings = {
				ALWAYS_EMBED_SWIFT_STANDARD_LIBRARIES = YES;
				BUNDLE_LOADER = "$(TEST_HOST)";
				CODE_SIGN_STYLE = Automatic;
				CURRENT_PROJECT_VERSION = 1;
				GENERATE_INFOPLIST_FILE = YES;
				IPHONEOS_DEPLOYMENT_TARGET = 15.5;
				MARKETING_VERSION = 1.0;
				PRODUCT_BUNDLE_IDENTIFIER = "nwmissouri.edu.Ponnam-Assignment01Tests";
				PRODUCT_NAME = "$(TARGET_NAME)";
				SWIFT_EMIT_LOC_STRINGS = NO;
				SWIFT_VERSION = 5.0;
				TARGETED_DEVICE_FAMILY = "1,2";
				TEST_HOST = "$(BUILT_PRODUCTS_DIR)/Ponnam_Assignment01.app/Ponnam_Assignment01";
			};
			name = Debug;
		};
		4779492B2989B50300409743 /* Release */ = {
			isa = XCBuildConfiguration;
			buildSettings = {
				ALWAYS_EMBED_SWIFT_STANDARD_LIBRARIES = YES;
				BUNDLE_LOADER = "$(TEST_HOST)";
				CODE_SIGN_STYLE = Automatic;
				CURRENT_PROJECT_VERSION = 1;
				GENERATE_INFOPLIST_FILE = YES;
				IPHONEOS_DEPLOYMENT_TARGET = 15.5;
				MARKETING_VERSION = 1.0;
				PRODUCT_BUNDLE_IDENTIFIER = "nwmissouri.edu.Ponnam-Assignment01Tests";
				PRODUCT_NAME = "$(TARGET_NAME)";
				SWIFT_EMIT_LOC_STRINGS = NO;
				SWIFT_VERSION = 5.0;
				TARGETED_DEVICE_FAMILY = "1,2";
				TEST_HOST = "$(BUILT_PRODUCTS_DIR)/Ponnam_Assignment01.app/Ponnam_Assignment01";
			};
			name = Release;
		};
		4779492D2989B50300409743 /* Debug */ = {
			isa = XCBuildConfiguration;
			buildSettings = {
				ALWAYS_EMBED_SWIFT_STANDARD_LIBRARIES = YES;
				CODE_SIGN_STYLE = Automatic;
				CURRENT_PROJECT_VERSION = 1;
				GENERATE_INFOPLIST_FILE = YES;
				MARKETING_VERSION = 1.0;
				PRODUCT_BUNDLE_IDENTIFIER = "nwmissouri.edu.Ponnam-Assignment01UITests";
				PRODUCT_NAME = "$(TARGET_NAME)";
				SWIFT_EMIT_LOC_STRINGS = NO;
				SWIFT_VERSION = 5.0;
				TARGETED_DEVICE_FAMILY = "1,2";
				TEST_TARGET_NAME = Ponnam_Assignment01;
			};
			name = Debug;
		};
		4779492E2989B50300409743 /* Release */ = {
			isa = XCBuildConfiguration;
			buildSettings = {
				ALWAYS_EMBED_SWIFT_STANDARD_LIBRARIES = YES;
				CODE_SIGN_STYLE = Automatic;
				CURRENT_PROJECT_VERSION = 1;
				GENERATE_INFOPLIST_FILE = YES;
				MARKETING_VERSION = 1.0;
				PRODUCT_BUNDLE_IDENTIFIER = "nwmissouri.edu.Ponnam-Assignment01UITests";
				PRODUCT_NAME = "$(TARGET_NAME)";
				SWIFT_EMIT_LOC_STRINGS = NO;
				SWIFT_VERSION = 5.0;
				TARGETED_DEVICE_FAMILY = "1,2";
				TEST_TARGET_NAME = Ponnam_Assignment01;
			};
			name = Release;
		};
/* End XCBuildConfiguration section */

/* Begin XCConfigurationList section */
		477948F72989B50200409743 /* Build configuration list for PBXProject "Ponnam_Assignment01" */ = {
			isa = XCConfigurationList;
			buildConfigurations = (
				477949242989B50300409743 /* Debug */,
				477949252989B50300409743 /* Release */,
			);
			defaultConfigurationIsVisible = 0;
			defaultConfigurationName = Release;
		};
		477949262989B50300409743 /* Build configuration list for PBXNativeTarget "Ponnam_Assignment01" */ = {
			isa = XCConfigurationList;
			buildConfigurations = (
				477949272989B50300409743 /* Debug */,
				477949282989B50300409743 /* Release */,
			);
			defaultConfigurationIsVisible = 0;
			defaultConfigurationName = Release;
		};
		477949292989B50300409743 /* Build configuration list for PBXNativeTarget "Ponnam_Assignment01Tests" */ = {
			isa = XCConfigurationList;
			buildConfigurations = (
				4779492A2989B50300409743 /* Debug */,
				4779492B2989B50300409743 /* Release */,
			);
			defaultConfigurationIsVisible = 0;
			defaultConfigurationName = Release;
		};
		4779492C2989B50300409743 /* Build configuration list for PBXNativeTarget "Ponnam_Assignment01UITests" */ = {
			isa = XCConfigurationList;
			buildConfigurations = (
				4779492D2989B50300409743 /* Debug */,
				4779492E2989B50300409743 /* Release */,
			);
			defaultConfigurationIsVisible = 0;
			defaultConfigurationName = Release;
		};
/* End XCConfigurationList section */
	};
	rootObject = 477948F42989B50200409743 /* Project object */;
}
