// !$*UTF8*$!
{
	archiveVersion = 1;
	classes = {
	};
	objectVersion = 55;
	objects = {

/* Begin PBXBuildFile section */
		47431B1D29DC859E0093EC76 /* AppDelegate.swift in Sources */ = {isa = PBXBuildFile; fileRef = 47431B1C29DC859E0093EC76 /* AppDelegate.swift */; };
		47431B1F29DC859E0093EC76 /* SceneDelegate.swift in Sources */ = {isa = PBXBuildFile; fileRef = 47431B1E29DC859E0093EC76 /* SceneDelegate.swift */; };
		47431B2129DC859E0093EC76 /* HomeViewController.swift in Sources */ = {isa = PBXBuildFile; fileRef = 47431B2029DC859E0093EC76 /* HomeViewController.swift */; };
		47431B2429DC859E0093EC76 /* Main.storyboard in Resources */ = {isa = PBXBuildFile; fileRef = 47431B2229DC859E0093EC76 /* Main.storyboard */; };
		47431B2629DC85A00093EC76 /* Assets.xcassets in Resources */ = {isa = PBXBuildFile; fileRef = 47431B2529DC85A00093EC76 /* Assets.xcassets */; };
		47431B2929DC85A00093EC76 /* LaunchScreen.storyboard in Resources */ = {isa = PBXBuildFile; fileRef = 47431B2729DC85A00093EC76 /* LaunchScreen.storyboard */; };
		47431B3429DC85A00093EC76 /* VowelCheckmvcTests.swift in Sources */ = {isa = PBXBuildFile; fileRef = 47431B3329DC85A00093EC76 /* VowelCheckmvcTests.swift */; };
		47431B3E29DC85A00093EC76 /* VowelCheckmvcUITests.swift in Sources */ = {isa = PBXBuildFile; fileRef = 47431B3D29DC85A00093EC76 /* VowelCheckmvcUITests.swift */; };
		47431B4029DC85A00093EC76 /* VowelCheckmvcUITestsLaunchTests.swift in Sources */ = {isa = PBXBuildFile; fileRef = 47431B3F29DC85A00093EC76 /* VowelCheckmvcUITestsLaunchTests.swift */; };
		47431B4D29DC88BB0093EC76 /* ResultViewController.swift in Sources */ = {isa = PBXBuildFile; fileRef = 47431B4C29DC88BB0093EC76 /* ResultViewController.swift */; };
/* End PBXBuildFile section */

/* Begin PBXContainerItemProxy section */
		47431B3029DC85A00093EC76 /* PBXContainerItemProxy */ = {
			isa = PBXContainerItemProxy;
			containerPortal = 47431B1129DC859E0093EC76 /* Project object */;
			proxyType = 1;
			remoteGlobalIDString = 47431B1829DC859E0093EC76;
			remoteInfo = VowelCheckmvc;
		};
		47431B3A29DC85A00093EC76 /* PBXContainerItemProxy */ = {
			isa = PBXContainerItemProxy;
			containerPortal = 47431B1129DC859E0093EC76 /* Project object */;
			proxyType = 1;
			remoteGlobalIDString = 47431B1829DC859E0093EC76;
			remoteInfo = VowelCheckmvc;
		};
/* End PBXContainerItemProxy section */

/* Begin PBXFileReference section */
		47431B1929DC859E0093EC76 /* VowelCheckmvc.app */ = {isa = PBXFileReference; explicitFileType = wrapper.application; includeInIndex = 0; path = VowelCheckmvc.app; sourceTree = BUILT_PRODUCTS_DIR; };
		47431B1C29DC859E0093EC76 /* AppDelegate.swift */ = {isa = PBXFileReference; lastKnownFileType = sourcecode.swift; path = AppDelegate.swift; sourceTree = "<group>"; };
		47431B1E29DC859E0093EC76 /* SceneDelegate.swift */ = {isa = PBXFileReference; lastKnownFileType = sourcecode.swift; path = SceneDelegate.swift; sourceTree = "<group>"; };
		47431B2029DC859E0093EC76 /* HomeViewController.swift */ = {isa = PBXFileReference; lastKnownFileType = sourcecode.swift; path = HomeViewController.swift; sourceTree = "<group>"; };
		47431B2329DC859E0093EC76 /* Base */ = {isa = PBXFileReference; lastKnownFileType = file.storyboard; name = Base; path = Base.lproj/Main.storyboard; sourceTree = "<group>"; };
		47431B2529DC85A00093EC76 /* Assets.xcassets */ = {isa = PBXFileReference; lastKnownFileType = folder.assetcatalog; path = Assets.xcassets; sourceTree = "<group>"; };
		47431B2829DC85A00093EC76 /* Base */ = {isa = PBXFileReference; lastKnownFileType = file.storyboard; name = Base; path = Base.lproj/LaunchScreen.storyboard; sourceTree = "<group>"; };
		47431B2A29DC85A00093EC76 /* Info.plist */ = {isa = PBXFileReference; lastKnownFileType = text.plist.xml; path = Info.plist; sourceTree = "<group>"; };
		47431B2F29DC85A00093EC76 /* VowelCheckmvcTests.xctest */ = {isa = PBXFileReference; explicitFileType = wrapper.cfbundle; includeInIndex = 0; path = VowelCheckmvcTests.xctest; sourceTree = BUILT_PRODUCTS_DIR; };
		47431B3329DC85A00093EC76 /* VowelCheckmvcTests.swift */ = {isa = PBXFileReference; lastKnownFileType = sourcecode.swift; path = VowelCheckmvcTests.swift; sourceTree = "<group>"; };
		47431B3929DC85A00093EC76 /* VowelCheckmvcUITests.xctest */ = {isa = PBXFileReference; explicitFileType = wrapper.cfbundle; includeInIndex = 0; path = VowelCheckmvcUITests.xctest; sourceTree = BUILT_PRODUCTS_DIR; };
		47431B3D29DC85A00093EC76 /* VowelCheckmvcUITests.swift */ = {isa = PBXFileReference; lastKnownFileType = sourcecode.swift; path = VowelCheckmvcUITests.swift; sourceTree = "<group>"; };
		47431B3F29DC85A00093EC76 /* VowelCheckmvcUITestsLaunchTests.swift */ = {isa = PBXFileReference; lastKnownFileType = sourcecode.swift; path = VowelCheckmvcUITestsLaunchTests.swift; sourceTree = "<group>"; };
		47431B4C29DC88BB0093EC76 /* ResultViewController.swift */ = {isa = PBXFileReference; lastKnownFileType = sourcecode.swift; path = ResultViewController.swift; sourceTree = "<group>"; };
/* End PBXFileReference section */

/* Begin PBXFrameworksBuildPhase section */
		47431B1629DC859E0093EC76 /* Frameworks */ = {
			isa = PBXFrameworksBuildPhase;
			buildActionMask = 2147483647;
			files = (
			);
			runOnlyForDeploymentPostprocessing = 0;
		};
		47431B2C29DC85A00093EC76 /* Frameworks */ = {
			isa = PBXFrameworksBuildPhase;
			buildActionMask = 2147483647;
			files = (
			);
			runOnlyForDeploymentPostprocessing = 0;
		};
		47431B3629DC85A00093EC76 /* Frameworks */ = {
			isa = PBXFrameworksBuildPhase;
			buildActionMask = 2147483647;
			files = (
			);
			runOnlyForDeploymentPostprocessing = 0;
		};
/* End PBXFrameworksBuildPhase section */

/* Begin PBXGroup section */
		47431B1029DC859E0093EC76 = {
			isa = PBXGroup;
			children = (
				47431B1B29DC859E0093EC76 /* VowelCheckmvc */,
				47431B3229DC85A00093EC76 /* VowelCheckmvcTests */,
				47431B3C29DC85A00093EC76 /* VowelCheckmvcUITests */,
				47431B1A29DC859E0093EC76 /* Products */,
			);
			sourceTree = "<group>";
		};
		47431B1A29DC859E0093EC76 /* Products */ = {
			isa = PBXGroup;
			children = (
				47431B1929DC859E0093EC76 /* VowelCheckmvc.app */,
				47431B2F29DC85A00093EC76 /* VowelCheckmvcTests.xctest */,
				47431B3929DC85A00093EC76 /* VowelCheckmvcUITests.xctest */,
			);
			name = Products;
			sourceTree = "<group>";
		};
		47431B1B29DC859E0093EC76 /* VowelCheckmvc */ = {
			isa = PBXGroup;
			children = (
				47431B1C29DC859E0093EC76 /* AppDelegate.swift */,
				47431B1E29DC859E0093EC76 /* SceneDelegate.swift */,
				47431B2029DC859E0093EC76 /* HomeViewController.swift */,
				47431B4C29DC88BB0093EC76 /* ResultViewController.swift */,
				47431B2229DC859E0093EC76 /* Main.storyboard */,
				47431B2529DC85A00093EC76 /* Assets.xcassets */,
				47431B2729DC85A00093EC76 /* LaunchScreen.storyboard */,
				47431B2A29DC85A00093EC76 /* Info.plist */,
			);
			path = VowelCheckmvc;
			sourceTree = "<group>";
		};
		47431B3229DC85A00093EC76 /* VowelCheckmvcTests */ = {
			isa = PBXGroup;
			children = (
				47431B3329DC85A00093EC76 /* VowelCheckmvcTests.swift */,
			);
			path = VowelCheckmvcTests;
			sourceTree = "<group>";
		};
		47431B3C29DC85A00093EC76 /* VowelCheckmvcUITests */ = {
			isa = PBXGroup;
			children = (
				47431B3D29DC85A00093EC76 /* VowelCheckmvcUITests.swift */,
				47431B3F29DC85A00093EC76 /* VowelCheckmvcUITestsLaunchTests.swift */,
			);
			path = VowelCheckmvcUITests;
			sourceTree = "<group>";
		};
/* End PBXGroup section */

/* Begin PBXNativeTarget section */
		47431B1829DC859E0093EC76 /* VowelCheckmvc */ = {
			isa = PBXNativeTarget;
			buildConfigurationList = 47431B4329DC85A00093EC76 /* Build configuration list for PBXNativeTarget "VowelCheckmvc" */;
			buildPhases = (
				47431B1529DC859E0093EC76 /* Sources */,
				47431B1629DC859E0093EC76 /* Frameworks */,
				47431B1729DC859E0093EC76 /* Resources */,
			);
			buildRules = (
			);
			dependencies = (
			);
			name = VowelCheckmvc;
			productName = VowelCheckmvc;
			productReference = 47431B1929DC859E0093EC76 /* VowelCheckmvc.app */;
			productType = "com.apple.product-type.application";
		};
		47431B2E29DC85A00093EC76 /* VowelCheckmvcTests */ = {
			isa = PBXNativeTarget;
			buildConfigurationList = 47431B4629DC85A00093EC76 /* Build configuration list for PBXNativeTarget "VowelCheckmvcTests" */;
			buildPhases = (
				47431B2B29DC85A00093EC76 /* Sources */,
				47431B2C29DC85A00093EC76 /* Frameworks */,
				47431B2D29DC85A00093EC76 /* Resources */,
			);
			buildRules = (
			);
			dependencies = (
				47431B3129DC85A00093EC76 /* PBXTargetDependency */,
			);
			name = VowelCheckmvcTests;
			productName = VowelCheckmvcTests;
			productReference = 47431B2F29DC85A00093EC76 /* VowelCheckmvcTests.xctest */;
			productType = "com.apple.product-type.bundle.unit-test";
		};
		47431B3829DC85A00093EC76 /* VowelCheckmvcUITests */ = {
			isa = PBXNativeTarget;
			buildConfigurationList = 47431B4929DC85A00093EC76 /* Build configuration list for PBXNativeTarget "VowelCheckmvcUITests" */;
			buildPhases = (
				47431B3529DC85A00093EC76 /* Sources */,
				47431B3629DC85A00093EC76 /* Frameworks */,
				47431B3729DC85A00093EC76 /* Resources */,
			);
			buildRules = (
			);
			dependencies = (
				47431B3B29DC85A00093EC76 /* PBXTargetDependency */,
			);
			name = VowelCheckmvcUITests;
			productName = VowelCheckmvcUITests;
			productReference = 47431B3929DC85A00093EC76 /* VowelCheckmvcUITests.xctest */;
			productType = "com.apple.product-type.bundle.ui-testing";
		};
/* End PBXNativeTarget section */

/* Begin PBXProject section */
		47431B1129DC859E0093EC76 /* Project object */ = {
			isa = PBXProject;
			attributes = {
				BuildIndependentTargetsInParallel = 1;
				LastSwiftUpdateCheck = 1420;
				LastUpgradeCheck = 1420;
				TargetAttributes = {
					47431B1829DC859E0093EC76 = {
						CreatedOnToolsVersion = 14.2;
					};
					47431B2E29DC85A00093EC76 = {
						CreatedOnToolsVersion = 14.2;
						TestTargetID = 47431B1829DC859E0093EC76;
					};
					47431B3829DC85A00093EC76 = {
						CreatedOnToolsVersion = 14.2;
						TestTargetID = 47431B1829DC859E0093EC76;
					};
				};
			};
			buildConfigurationList = 47431B1429DC859E0093EC76 /* Build configuration list for PBXProject "VowelCheckmvc" */;
			compatibilityVersion = "Xcode 13.0";
			developmentRegion = en;
			hasScannedForEncodings = 0;
			knownRegions = (
				en,
				Base,
			);
			mainGroup = 47431B1029DC859E0093EC76;
			productRefGroup = 47431B1A29DC859E0093EC76 /* Products */;
			projectDirPath = "";
			projectRoot = "";
			targets = (
				47431B1829DC859E0093EC76 /* VowelCheckmvc */,
				47431B2E29DC85A00093EC76 /* VowelCheckmvcTests */,
				47431B3829DC85A00093EC76 /* VowelCheckmvcUITests */,
			);
		};
/* End PBXProject section */

/* Begin PBXResourcesBuildPhase section */
		47431B1729DC859E0093EC76 /* Resources */ = {
			isa = PBXResourcesBuildPhase;
			buildActionMask = 2147483647;
			files = (
				47431B2929DC85A00093EC76 /* LaunchScreen.storyboard in Resources */,
				47431B2629DC85A00093EC76 /* Assets.xcassets in Resources */,
				47431B2429DC859E0093EC76 /* Main.storyboard in Resources */,
			);
			runOnlyForDeploymentPostprocessing = 0;
		};
		47431B2D29DC85A00093EC76 /* Resources */ = {
			isa = PBXResourcesBuildPhase;
			buildActionMask = 2147483647;
			files = (
			);
			runOnlyForDeploymentPostprocessing = 0;
		};
		47431B3729DC85A00093EC76 /* Resources */ = {
			isa = PBXResourcesBuildPhase;
			buildActionMask = 2147483647;
			files = (
			);
			runOnlyForDeploymentPostprocessing = 0;
		};
/* End PBXResourcesBuildPhase section */

/* Begin PBXSourcesBuildPhase section */
		47431B1529DC859E0093EC76 /* Sources */ = {
			isa = PBXSourcesBuildPhase;
			buildActionMask = 2147483647;
			files = (
				47431B2129DC859E0093EC76 /* HomeViewController.swift in Sources */,
				47431B1D29DC859E0093EC76 /* AppDelegate.swift in Sources */,
				47431B1F29DC859E0093EC76 /* SceneDelegate.swift in Sources */,
				47431B4D29DC88BB0093EC76 /* ResultViewController.swift in Sources */,
			);
			runOnlyForDeploymentPostprocessing = 0;
		};
		47431B2B29DC85A00093EC76 /* Sources */ = {
			isa = PBXSourcesBuildPhase;
			buildActionMask = 2147483647;
			files = (
				47431B3429DC85A00093EC76 /* VowelCheckmvcTests.swift in Sources */,
			);
			runOnlyForDeploymentPostprocessing = 0;
		};
		47431B3529DC85A00093EC76 /* Sources */ = {
			isa = PBXSourcesBuildPhase;
			buildActionMask = 2147483647;
			files = (
				47431B4029DC85A00093EC76 /* VowelCheckmvcUITestsLaunchTests.swift in Sources */,
				47431B3E29DC85A00093EC76 /* VowelCheckmvcUITests.swift in Sources */,
			);
			runOnlyForDeploymentPostprocessing = 0;
		};
/* End PBXSourcesBuildPhase section */

/* Begin PBXTargetDependency section */
		47431B3129DC85A00093EC76 /* PBXTargetDependency */ = {
			isa = PBXTargetDependency;
			target = 47431B1829DC859E0093EC76 /* VowelCheckmvc */;
			targetProxy = 47431B3029DC85A00093EC76 /* PBXContainerItemProxy */;
		};
		47431B3B29DC85A00093EC76 /* PBXTargetDependency */ = {
			isa = PBXTargetDependency;
			target = 47431B1829DC859E0093EC76 /* VowelCheckmvc */;
			targetProxy = 47431B3A29DC85A00093EC76 /* PBXContainerItemProxy */;
		};
/* End PBXTargetDependency section */

/* Begin PBXVariantGroup section */
		47431B2229DC859E0093EC76 /* Main.storyboard */ = {
			isa = PBXVariantGroup;
			children = (
				47431B2329DC859E0093EC76 /* Base */,
			);
			name = Main.storyboard;
			sourceTree = "<group>";
		};
		47431B2729DC85A00093EC76 /* LaunchScreen.storyboard */ = {
			isa = PBXVariantGroup;
			children = (
				47431B2829DC85A00093EC76 /* Base */,
			);
			name = LaunchScreen.storyboard;
			sourceTree = "<group>";
		};
/* End PBXVariantGroup section */

/* Begin XCBuildConfiguration section */
		47431B4129DC85A00093EC76 /* Debug */ = {
			isa = XCBuildConfiguration;
			buildSettings = {
				ALWAYS_SEARCH_USER_PATHS = NO;
				CLANG_ANALYZER_NONNULL = YES;
				CLANG_ANALYZER_NUMBER_OBJECT_CONVERSION = YES_AGGRESSIVE;
				CLANG_CXX_LANGUAGE_STANDARD = "gnu++20";
				CLANG_ENABLE_MODULES = YES;
				CLANG_ENABLE_OBJC_ARC = YES;
				CLANG_ENABLE_OBJC_WEAK = YES;
				CLANG_WARN_BLOCK_CAPTURE_AUTORELEASING = YES;
				CLANG_WARN_BOOL_CONVERSION = YES;
				CLANG_WARN_COMMA = YES;
				CLANG_WARN_CONSTANT_CONVERSION = YES;
				CLANG_WARN_DEPRECATED_OBJC_IMPLEMENTATIONS = YES;
				CLANG_WARN_DIRECT_OBJC_ISA_USAGE = YES_ERROR;
				CLANG_WARN_DOCUMENTATION_COMMENTS = YES;
				CLANG_WARN_EMPTY_BODY = YES;
				CLANG_WARN_ENUM_CONVERSION = YES;
				CLANG_WARN_INFINITE_RECURSION = YES;
				CLANG_WARN_INT_CONVERSION = YES;
				CLANG_WARN_NON_LITERAL_NULL_CONVERSION = YES;
				CLANG_WARN_OBJC_IMPLICIT_RETAIN_SELF = YES;
				CLANG_WARN_OBJC_LITERAL_CONVERSION = YES;
				CLANG_WARN_OBJC_ROOT_CLASS = YES_ERROR;
				CLANG_WARN_QUOTED_INCLUDE_IN_FRAMEWORK_HEADER = YES;
				CLANG_WARN_RANGE_LOOP_ANALYSIS = YES;
				CLANG_WARN_STRICT_PROTOTYPES = YES;
				CLANG_WARN_SUSPICIOUS_MOVE = YES;
				CLANG_WARN_UNGUARDED_AVAILABILITY = YES_AGGRESSIVE;
				CLANG_WARN_UNREACHABLE_CODE = YES;
				CLANG_WARN__DUPLICATE_METHOD_MATCH = YES;
				COPY_PHASE_STRIP = NO;
				DEBUG_INFORMATION_FORMAT = dwarf;
				ENABLE_STRICT_OBJC_MSGSEND = YES;
				ENABLE_TESTABILITY = YES;
				GCC_C_LANGUAGE_STANDARD = gnu11;
				GCC_DYNAMIC_NO_PIC = NO;
				GCC_NO_COMMON_BLOCKS = YES;
				GCC_OPTIMIZATION_LEVEL = 0;
				GCC_PREPROCESSOR_DEFINITIONS = (
					"DEBUG=1",
					"$(inherited)",
				);
				GCC_WARN_64_TO_32_BIT_CONVERSION = YES;
				GCC_WARN_ABOUT_RETURN_TYPE = YES_ERROR;
				GCC_WARN_UNDECLARED_SELECTOR = YES;
				GCC_WARN_UNINITIALIZED_AUTOS = YES_AGGRESSIVE;
				GCC_WARN_UNUSED_FUNCTION = YES;
				GCC_WARN_UNUSED_VARIABLE = YES;
				IPHONEOS_DEPLOYMENT_TARGET = 16.2;
				MTL_ENABLE_DEBUG_INFO = INCLUDE_SOURCE;
				MTL_FAST_MATH = YES;
				ONLY_ACTIVE_ARCH = YES;
				SDKROOT = iphoneos;
				SWIFT_ACTIVE_COMPILATION_CONDITIONS = DEBUG;
				SWIFT_OPTIMIZATION_LEVEL = "-Onone";
			};
			name = Debug;
		};
		47431B4229DC85A00093EC76 /* Release */ = {
			isa = XCBuildConfiguration;
			buildSettings = {
				ALWAYS_SEARCH_USER_PATHS = NO;
				CLANG_ANALYZER_NONNULL = YES;
				CLANG_ANALYZER_NUMBER_OBJECT_CONVERSION = YES_AGGRESSIVE;
				CLANG_CXX_LANGUAGE_STANDARD = "gnu++20";
				CLANG_ENABLE_MODULES = YES;
				CLANG_ENABLE_OBJC_ARC = YES;
				CLANG_ENABLE_OBJC_WEAK = YES;
				CLANG_WARN_BLOCK_CAPTURE_AUTORELEASING = YES;
				CLANG_WARN_BOOL_CONVERSION = YES;
				CLANG_WARN_COMMA = YES;
				CLANG_WARN_CONSTANT_CONVERSION = YES;
				CLANG_WARN_DEPRECATED_OBJC_IMPLEMENTATIONS = YES;
				CLANG_WARN_DIRECT_OBJC_ISA_USAGE = YES_ERROR;
				CLANG_WARN_DOCUMENTATION_COMMENTS = YES;
				CLANG_WARN_EMPTY_BODY = YES;
				CLANG_WARN_ENUM_CONVERSION = YES;
				CLANG_WARN_INFINITE_RECURSION = YES;
				CLANG_WARN_INT_CONVERSION = YES;
				CLANG_WARN_NON_LITERAL_NULL_CONVERSION = YES;
				CLANG_WARN_OBJC_IMPLICIT_RETAIN_SELF = YES;
				CLANG_WARN_OBJC_LITERAL_CONVERSION = YES;
				CLANG_WARN_OBJC_ROOT_CLASS = YES_ERROR;
				CLANG_WARN_QUOTED_INCLUDE_IN_FRAMEWORK_HEADER = YES;
				CLANG_WARN_RANGE_LOOP_ANALYSIS = YES;
				CLANG_WARN_STRICT_PROTOTYPES = YES;
				CLANG_WARN_SUSPICIOUS_MOVE = YES;
				CLANG_WARN_UNGUARDED_AVAILABILITY = YES_AGGRESSIVE;
				CLANG_WARN_UNREACHABLE_CODE = YES;
				CLANG_WARN__DUPLICATE_METHOD_MATCH = YES;
				COPY_PHASE_STRIP = NO;
				DEBUG_INFORMATION_FORMAT = "dwarf-with-dsym";
				ENABLE_NS_ASSERTIONS = NO;
				ENABLE_STRICT_OBJC_MSGSEND = YES;
				GCC_C_LANGUAGE_STANDARD = gnu11;
				GCC_NO_COMMON_BLOCKS = YES;
				GCC_WARN_64_TO_32_BIT_CONVERSION = YES;
				GCC_WARN_ABOUT_RETURN_TYPE = YES_ERROR;
				GCC_WARN_UNDECLARED_SELECTOR = YES;
				GCC_WARN_UNINITIALIZED_AUTOS = YES_AGGRESSIVE;
				GCC_WARN_UNUSED_FUNCTION = YES;
				GCC_WARN_UNUSED_VARIABLE = YES;
				IPHONEOS_DEPLOYMENT_TARGET = 16.2;
				MTL_ENABLE_DEBUG_INFO = NO;
				MTL_FAST_MATH = YES;
				SDKROOT = iphoneos;
				SWIFT_COMPILATION_MODE = wholemodule;
				SWIFT_OPTIMIZATION_LEVEL = "-O";
				VALIDATE_PRODUCT = YES;
			};
			name = Release;
		};
		47431B4429DC85A00093EC76 /* Debug */ = {
			isa = XCBuildConfiguration;
			buildSettings = {
				ASSETCATALOG_COMPILER_APPICON_NAME = AppIcon;
				ASSETCATALOG_COMPILER_GLOBAL_ACCENT_COLOR_NAME = AccentColor;
				CODE_SIGN_STYLE = Automatic;
				CURRENT_PROJECT_VERSION = 1;
				GENERATE_INFOPLIST_FILE = YES;
				INFOPLIST_FILE = VowelCheckmvc/Info.plist;
				INFOPLIST_KEY_UIApplicationSupportsIndirectInputEvents = YES;
				INFOPLIST_KEY_UILaunchStoryboardName = LaunchScreen;
				INFOPLIST_KEY_UIMainStoryboardFile = Main;
				INFOPLIST_KEY_UISupportedInterfaceOrientations_iPad = "UIInterfaceOrientationPortrait UIInterfaceOrientationPortraitUpsideDown UIInterfaceOrientationLandscapeLeft UIInterfaceOrientationLandscapeRight";
				INFOPLIST_KEY_UISupportedInterfaceOrientations_iPhone = "UIInterfaceOrientationPortrait UIInterfaceOrientationLandscapeLeft UIInterfaceOrientationLandscapeRight";
				IPHONEOS_DEPLOYMENT_TARGET = 15.5;
				LD_RUNPATH_SEARCH_PATHS = (
					"$(inherited)",
					"@executable_path/Frameworks",
				);
				MARKETING_VERSION = 1.0;
				PRODUCT_BUNDLE_IDENTIFIER = nwmsu.VowelCheckmvc;
				PRODUCT_NAME = "$(TARGET_NAME)";
				SWIFT_EMIT_LOC_STRINGS = YES;
				SWIFT_VERSION = 5.0;
				TARGETED_DEVICE_FAMILY = "1,2";
			};
			name = Debug;
		};
		47431B4529DC85A00093EC76 /* Release */ = {
			isa = XCBuildConfiguration;
			buildSettings = {
				ASSETCATALOG_COMPILER_APPICON_NAME = AppIcon;
				ASSETCATALOG_COMPILER_GLOBAL_ACCENT_COLOR_NAME = AccentColor;
				CODE_SIGN_STYLE = Automatic;
				CURRENT_PROJECT_VERSION = 1;
				GENERATE_INFOPLIST_FILE = YES;
				INFOPLIST_FILE = VowelCheckmvc/Info.plist;
				INFOPLIST_KEY_UIApplicationSupportsIndirectInputEvents = YES;
				INFOPLIST_KEY_UILaunchStoryboardName = LaunchScreen;
				INFOPLIST_KEY_UIMainStoryboardFile = Main;
				INFOPLIST_KEY_UISupportedInterfaceOrientations_iPad = "UIInterfaceOrientationPortrait UIInterfaceOrientationPortraitUpsideDown UIInterfaceOrientationLandscapeLeft UIInterfaceOrientationLandscapeRight";
				INFOPLIST_KEY_UISupportedInterfaceOrientations_iPhone = "UIInterfaceOrientationPortrait UIInterfaceOrientationLandscapeLeft UIInterfaceOrientationLandscapeRight";
				IPHONEOS_DEPLOYMENT_TARGET = 15.5;
				LD_RUNPATH_SEARCH_PATHS = (
					"$(inherited)",
					"@executable_path/Frameworks",
				);
				MARKETING_VERSION = 1.0;
				PRODUCT_BUNDLE_IDENTIFIER = nwmsu.VowelCheckmvc;
				PRODUCT_NAME = "$(TARGET_NAME)";
				SWIFT_EMIT_LOC_STRINGS = YES;
				SWIFT_VERSION = 5.0;
				TARGETED_DEVICE_FAMILY = "1,2";
			};
			name = Release;
		};
		47431B4729DC85A00093EC76 /* Debug */ = {
			isa = XCBuildConfiguration;
			buildSettings = {
				ALWAYS_EMBED_SWIFT_STANDARD_LIBRARIES = YES;
				BUNDLE_LOADER = "$(TEST_HOST)";
				CODE_SIGN_STYLE = Automatic;
				CURRENT_PROJECT_VERSION = 1;
				GENERATE_INFOPLIST_FILE = YES;
				IPHONEOS_DEPLOYMENT_TARGET = 16.2;
				MARKETING_VERSION = 1.0;
				PRODUCT_BUNDLE_IDENTIFIER = nwmsu.VowelCheckmvcTests;
				PRODUCT_NAME = "$(TARGET_NAME)";
				SWIFT_EMIT_LOC_STRINGS = NO;
				SWIFT_VERSION = 5.0;
				TARGETED_DEVICE_FAMILY = "1,2";
				TEST_HOST = "$(BUILT_PRODUCTS_DIR)/VowelCheckmvc.app/$(BUNDLE_EXECUTABLE_FOLDER_PATH)/VowelCheckmvc";
			};
			name = Debug;
		};
		47431B4829DC85A00093EC76 /* Release */ = {
			isa = XCBuildConfiguration;
			buildSettings = {
				ALWAYS_EMBED_SWIFT_STANDARD_LIBRARIES = YES;
				BUNDLE_LOADER = "$(TEST_HOST)";
				CODE_SIGN_STYLE = Automatic;
				CURRENT_PROJECT_VERSION = 1;
				GENERATE_INFOPLIST_FILE = YES;
				IPHONEOS_DEPLOYMENT_TARGET = 16.2;
				MARKETING_VERSION = 1.0;
				PRODUCT_BUNDLE_IDENTIFIER = nwmsu.VowelCheckmvcTests;
				PRODUCT_NAME = "$(TARGET_NAME)";
				SWIFT_EMIT_LOC_STRINGS = NO;
				SWIFT_VERSION = 5.0;
				TARGETED_DEVICE_FAMILY = "1,2";
				TEST_HOST = "$(BUILT_PRODUCTS_DIR)/VowelCheckmvc.app/$(BUNDLE_EXECUTABLE_FOLDER_PATH)/VowelCheckmvc";
			};
			name = Release;
		};
		47431B4A29DC85A00093EC76 /* Debug */ = {
			isa = XCBuildConfiguration;
			buildSettings = {
				ALWAYS_EMBED_SWIFT_STANDARD_LIBRARIES = YES;
				CODE_SIGN_STYLE = Automatic;
				CURRENT_PROJECT_VERSION = 1;
				GENERATE_INFOPLIST_FILE = YES;
				MARKETING_VERSION = 1.0;
				PRODUCT_BUNDLE_IDENTIFIER = nwmsu.VowelCheckmvcUITests;
				PRODUCT_NAME = "$(TARGET_NAME)";
				SWIFT_EMIT_LOC_STRINGS = NO;
				SWIFT_VERSION = 5.0;
				TARGETED_DEVICE_FAMILY = "1,2";
				TEST_TARGET_NAME = VowelCheckmvc;
			};
			name = Debug;
		};
		47431B4B29DC85A00093EC76 /* Release */ = {
			isa = XCBuildConfiguration;
			buildSettings = {
				ALWAYS_EMBED_SWIFT_STANDARD_LIBRARIES = YES;
				CODE_SIGN_STYLE = Automatic;
				CURRENT_PROJECT_VERSION = 1;
				GENERATE_INFOPLIST_FILE = YES;
				MARKETING_VERSION = 1.0;
				PRODUCT_BUNDLE_IDENTIFIER = nwmsu.VowelCheckmvcUITests;
				PRODUCT_NAME = "$(TARGET_NAME)";
				SWIFT_EMIT_LOC_STRINGS = NO;
				SWIFT_VERSION = 5.0;
				TARGETED_DEVICE_FAMILY = "1,2";
				TEST_TARGET_NAME = VowelCheckmvc;
			};
			name = Release;
		};
/* End XCBuildConfiguration section */

/* Begin XCConfigurationList section */
		47431B1429DC859E0093EC76 /* Build configuration list for PBXProject "VowelCheckmvc" */ = {
			isa = XCConfigurationList;
			buildConfigurations = (
				47431B4129DC85A00093EC76 /* Debug */,
				47431B4229DC85A00093EC76 /* Release */,
			);
			defaultConfigurationIsVisible = 0;
			defaultConfigurationName = Release;
		};
		47431B4329DC85A00093EC76 /* Build configuration list for PBXNativeTarget "VowelCheckmvc" */ = {
			isa = XCConfigurationList;
			buildConfigurations = (
				47431B4429DC85A00093EC76 /* Debug */,
				47431B4529DC85A00093EC76 /* Release */,
			);
			defaultConfigurationIsVisible = 0;
			defaultConfigurationName = Release;
		};
		47431B4629DC85A00093EC76 /* Build configuration list for PBXNativeTarget "VowelCheckmvcTests" */ = {
			isa = XCConfigurationList;
			buildConfigurations = (
				47431B4729DC85A00093EC76 /* Debug */,
				47431B4829DC85A00093EC76 /* Release */,
			);
			defaultConfigurationIsVisible = 0;
			defaultConfigurationName = Release;
		};
		47431B4929DC85A00093EC76 /* Build configuration list for PBXNativeTarget "VowelCheckmvcUITests" */ = {
			isa = XCConfigurationList;
			buildConfigurations = (
				47431B4A29DC85A00093EC76 /* Debug */,
				47431B4B29DC85A00093EC76 /* Release */,
			);
			defaultConfigurationIsVisible = 0;
			defaultConfigurationName = Release;
		};
/* End XCConfigurationList section */
	};
	rootObject = 47431B1129DC859E0093EC76 /* Project object */;
}
