// !$*UTF8*$!
{
	archiveVersion = 1;
	classes = {
	};
	objectVersion = 56;
	objects = {

/* Begin PBXBuildFile section */
		FADCEB1B29AE5F0B00B625A3 /* AppDelegate.swift in Sources */ = {isa = PBXBuildFile; fileRef = FADCEB1A29AE5F0B00B625A3 /* AppDelegate.swift */; };
		FADCEB1D29AE5F0B00B625A3 /* SceneDelegate.swift in Sources */ = {isa = PBXBuildFile; fileRef = FADCEB1C29AE5F0B00B625A3 /* SceneDelegate.swift */; };
		FADCEB1F29AE5F0B00B625A3 /* ViewController.swift in Sources */ = {isa = PBXBuildFile; fileRef = FADCEB1E29AE5F0B00B625A3 /* ViewController.swift */; };
		FADCEB2229AE5F0B00B625A3 /* Main.storyboard in Resources */ = {isa = PBXBuildFile; fileRef = FADCEB2029AE5F0B00B625A3 /* Main.storyboard */; };
		FADCEB2429AE5F0D00B625A3 /* Assets.xcassets in Resources */ = {isa = PBXBuildFile; fileRef = FADCEB2329AE5F0D00B625A3 /* Assets.xcassets */; };
		FADCEB2729AE5F0D00B625A3 /* LaunchScreen.storyboard in Resources */ = {isa = PBXBuildFile; fileRef = FADCEB2529AE5F0D00B625A3 /* LaunchScreen.storyboard */; };
		FADCEB3229AE5F0D00B625A3 /* appsurgeTests.swift in Sources */ = {isa = PBXBuildFile; fileRef = FADCEB3129AE5F0D00B625A3 /* appsurgeTests.swift */; };
		FADCEB3C29AE5F0D00B625A3 /* appsurgeUITests.swift in Sources */ = {isa = PBXBuildFile; fileRef = FADCEB3B29AE5F0D00B625A3 /* appsurgeUITests.swift */; };
		FADCEB3E29AE5F0D00B625A3 /* appsurgeUITestsLaunchTests.swift in Sources */ = {isa = PBXBuildFile; fileRef = FADCEB3D29AE5F0D00B625A3 /* appsurgeUITestsLaunchTests.swift */; };
/* End PBXBuildFile section */

/* Begin PBXContainerItemProxy section */
		FADCEB2E29AE5F0D00B625A3 /* PBXContainerItemProxy */ = {
			isa = PBXContainerItemProxy;
			containerPortal = FADCEB0F29AE5F0B00B625A3 /* Project object */;
			proxyType = 1;
			remoteGlobalIDString = FADCEB1629AE5F0B00B625A3;
			remoteInfo = appsurge;
		};
		FADCEB3829AE5F0D00B625A3 /* PBXContainerItemProxy */ = {
			isa = PBXContainerItemProxy;
			containerPortal = FADCEB0F29AE5F0B00B625A3 /* Project object */;
			proxyType = 1;
			remoteGlobalIDString = FADCEB1629AE5F0B00B625A3;
			remoteInfo = appsurge;
		};
/* End PBXContainerItemProxy section */

/* Begin PBXFileReference section */
		FADCEB1729AE5F0B00B625A3 /* appsurge.app */ = {isa = PBXFileReference; explicitFileType = wrapper.application; includeInIndex = 0; path = appsurge.app; sourceTree = BUILT_PRODUCTS_DIR; };
		FADCEB1A29AE5F0B00B625A3 /* AppDelegate.swift */ = {isa = PBXFileReference; lastKnownFileType = sourcecode.swift; path = AppDelegate.swift; sourceTree = "<group>"; };
		FADCEB1C29AE5F0B00B625A3 /* SceneDelegate.swift */ = {isa = PBXFileReference; lastKnownFileType = sourcecode.swift; path = SceneDelegate.swift; sourceTree = "<group>"; };
		FADCEB1E29AE5F0B00B625A3 /* ViewController.swift */ = {isa = PBXFileReference; lastKnownFileType = sourcecode.swift; path = ViewController.swift; sourceTree = "<group>"; };
		FADCEB2129AE5F0B00B625A3 /* Base */ = {isa = PBXFileReference; lastKnownFileType = file.storyboard; name = Base; path = Base.lproj/Main.storyboard; sourceTree = "<group>"; };
		FADCEB2329AE5F0D00B625A3 /* Assets.xcassets */ = {isa = PBXFileReference; lastKnownFileType = folder.assetcatalog; path = Assets.xcassets; sourceTree = "<group>"; };
		FADCEB2629AE5F0D00B625A3 /* Base */ = {isa = PBXFileReference; lastKnownFileType = file.storyboard; name = Base; path = Base.lproj/LaunchScreen.storyboard; sourceTree = "<group>"; };
		FADCEB2829AE5F0D00B625A3 /* Info.plist */ = {isa = PBXFileReference; lastKnownFileType = text.plist.xml; path = Info.plist; sourceTree = "<group>"; };
		FADCEB2D29AE5F0D00B625A3 /* appsurgeTests.xctest */ = {isa = PBXFileReference; explicitFileType = wrapper.cfbundle; includeInIndex = 0; path = appsurgeTests.xctest; sourceTree = BUILT_PRODUCTS_DIR; };
		FADCEB3129AE5F0D00B625A3 /* appsurgeTests.swift */ = {isa = PBXFileReference; lastKnownFileType = sourcecode.swift; path = appsurgeTests.swift; sourceTree = "<group>"; };
		FADCEB3729AE5F0D00B625A3 /* appsurgeUITests.xctest */ = {isa = PBXFileReference; explicitFileType = wrapper.cfbundle; includeInIndex = 0; path = appsurgeUITests.xctest; sourceTree = BUILT_PRODUCTS_DIR; };
		FADCEB3B29AE5F0D00B625A3 /* appsurgeUITests.swift */ = {isa = PBXFileReference; lastKnownFileType = sourcecode.swift; path = appsurgeUITests.swift; sourceTree = "<group>"; };
		FADCEB3D29AE5F0D00B625A3 /* appsurgeUITestsLaunchTests.swift */ = {isa = PBXFileReference; lastKnownFileType = sourcecode.swift; path = appsurgeUITestsLaunchTests.swift; sourceTree = "<group>"; };
/* End PBXFileReference section */

/* Begin PBXFrameworksBuildPhase section */
		FADCEB1429AE5F0B00B625A3 /* Frameworks */ = {
			isa = PBXFrameworksBuildPhase;
			buildActionMask = 2147483647;
			files = (
			);
			runOnlyForDeploymentPostprocessing = 0;
		};
		FADCEB2A29AE5F0D00B625A3 /* Frameworks */ = {
			isa = PBXFrameworksBuildPhase;
			buildActionMask = 2147483647;
			files = (
			);
			runOnlyForDeploymentPostprocessing = 0;
		};
		FADCEB3429AE5F0D00B625A3 /* Frameworks */ = {
			isa = PBXFrameworksBuildPhase;
			buildActionMask = 2147483647;
			files = (
			);
			runOnlyForDeploymentPostprocessing = 0;
		};
/* End PBXFrameworksBuildPhase section */

/* Begin PBXGroup section */
		FADCEB0E29AE5F0B00B625A3 = {
			isa = PBXGroup;
			children = (
				FADCEB1929AE5F0B00B625A3 /* appsurge */,
				FADCEB3029AE5F0D00B625A3 /* appsurgeTests */,
				FADCEB3A29AE5F0D00B625A3 /* appsurgeUITests */,
				FADCEB1829AE5F0B00B625A3 /* Products */,
			);
			sourceTree = "<group>";
		};
		FADCEB1829AE5F0B00B625A3 /* Products */ = {
			isa = PBXGroup;
			children = (
				FADCEB1729AE5F0B00B625A3 /* appsurge.app */,
				FADCEB2D29AE5F0D00B625A3 /* appsurgeTests.xctest */,
				FADCEB3729AE5F0D00B625A3 /* appsurgeUITests.xctest */,
			);
			name = Products;
			sourceTree = "<group>";
		};
		FADCEB1929AE5F0B00B625A3 /* appsurge */ = {
			isa = PBXGroup;
			children = (
				FADCEB1A29AE5F0B00B625A3 /* AppDelegate.swift */,
				FADCEB1C29AE5F0B00B625A3 /* SceneDelegate.swift */,
				FADCEB1E29AE5F0B00B625A3 /* ViewController.swift */,
				FADCEB2029AE5F0B00B625A3 /* Main.storyboard */,
				FADCEB2329AE5F0D00B625A3 /* Assets.xcassets */,
				FADCEB2529AE5F0D00B625A3 /* LaunchScreen.storyboard */,
				FADCEB2829AE5F0D00B625A3 /* Info.plist */,
			);
			path = appsurge;
			sourceTree = "<group>";
		};
		FADCEB3029AE5F0D00B625A3 /* appsurgeTests */ = {
			isa = PBXGroup;
			children = (
				FADCEB3129AE5F0D00B625A3 /* appsurgeTests.swift */,
			);
			path = appsurgeTests;
			sourceTree = "<group>";
		};
		FADCEB3A29AE5F0D00B625A3 /* appsurgeUITests */ = {
			isa = PBXGroup;
			children = (
				FADCEB3B29AE5F0D00B625A3 /* appsurgeUITests.swift */,
				FADCEB3D29AE5F0D00B625A3 /* appsurgeUITestsLaunchTests.swift */,
			);
			path = appsurgeUITests;
			sourceTree = "<group>";
		};
/* End PBXGroup section */

/* Begin PBXNativeTarget section */
		FADCEB1629AE5F0B00B625A3 /* appsurge */ = {
			isa = PBXNativeTarget;
			buildConfigurationList = FADCEB4129AE5F0D00B625A3 /* Build configuration list for PBXNativeTarget "appsurge" */;
			buildPhases = (
				FADCEB1329AE5F0B00B625A3 /* Sources */,
				FADCEB1429AE5F0B00B625A3 /* Frameworks */,
				FADCEB1529AE5F0B00B625A3 /* Resources */,
			);
			buildRules = (
			);
			dependencies = (
			);
			name = appsurge;
			productName = appsurge;
			productReference = FADCEB1729AE5F0B00B625A3 /* appsurge.app */;
			productType = "com.apple.product-type.application";
		};
		FADCEB2C29AE5F0D00B625A3 /* appsurgeTests */ = {
			isa = PBXNativeTarget;
			buildConfigurationList = FADCEB4429AE5F0D00B625A3 /* Build configuration list for PBXNativeTarget "appsurgeTests" */;
			buildPhases = (
				FADCEB2929AE5F0D00B625A3 /* Sources */,
				FADCEB2A29AE5F0D00B625A3 /* Frameworks */,
				FADCEB2B29AE5F0D00B625A3 /* Resources */,
			);
			buildRules = (
			);
			dependencies = (
				FADCEB2F29AE5F0D00B625A3 /* PBXTargetDependency */,
			);
			name = appsurgeTests;
			productName = appsurgeTests;
			productReference = FADCEB2D29AE5F0D00B625A3 /* appsurgeTests.xctest */;
			productType = "com.apple.product-type.bundle.unit-test";
		};
		FADCEB3629AE5F0D00B625A3 /* appsurgeUITests */ = {
			isa = PBXNativeTarget;
			buildConfigurationList = FADCEB4729AE5F0D00B625A3 /* Build configuration list for PBXNativeTarget "appsurgeUITests" */;
			buildPhases = (
				FADCEB3329AE5F0D00B625A3 /* Sources */,
				FADCEB3429AE5F0D00B625A3 /* Frameworks */,
				FADCEB3529AE5F0D00B625A3 /* Resources */,
			);
			buildRules = (
			);
			dependencies = (
				FADCEB3929AE5F0D00B625A3 /* PBXTargetDependency */,
			);
			name = appsurgeUITests;
			productName = appsurgeUITests;
			productReference = FADCEB3729AE5F0D00B625A3 /* appsurgeUITests.xctest */;
			productType = "com.apple.product-type.bundle.ui-testing";
		};
/* End PBXNativeTarget section */

/* Begin PBXProject section */
		FADCEB0F29AE5F0B00B625A3 /* Project object */ = {
			isa = PBXProject;
			attributes = {
				BuildIndependentTargetsInParallel = 1;
				LastSwiftUpdateCheck = 1420;
				LastUpgradeCheck = 1420;
				TargetAttributes = {
					FADCEB1629AE5F0B00B625A3 = {
						CreatedOnToolsVersion = 14.2;
					};
					FADCEB2C29AE5F0D00B625A3 = {
						CreatedOnToolsVersion = 14.2;
						TestTargetID = FADCEB1629AE5F0B00B625A3;
					};
					FADCEB3629AE5F0D00B625A3 = {
						CreatedOnToolsVersion = 14.2;
						TestTargetID = FADCEB1629AE5F0B00B625A3;
					};
				};
			};
			buildConfigurationList = FADCEB1229AE5F0B00B625A3 /* Build configuration list for PBXProject "appsurge" */;
			compatibilityVersion = "Xcode 14.0";
			developmentRegion = en;
			hasScannedForEncodings = 0;
			knownRegions = (
				en,
				Base,
			);
			mainGroup = FADCEB0E29AE5F0B00B625A3;
			productRefGroup = FADCEB1829AE5F0B00B625A3 /* Products */;
			projectDirPath = "";
			projectRoot = "";
			targets = (
				FADCEB1629AE5F0B00B625A3 /* appsurge */,
				FADCEB2C29AE5F0D00B625A3 /* appsurgeTests */,
				FADCEB3629AE5F0D00B625A3 /* appsurgeUITests */,
			);
		};
/* End PBXProject section */

/* Begin PBXResourcesBuildPhase section */
		FADCEB1529AE5F0B00B625A3 /* Resources */ = {
			isa = PBXResourcesBuildPhase;
			buildActionMask = 2147483647;
			files = (
				FADCEB2729AE5F0D00B625A3 /* LaunchScreen.storyboard in Resources */,
				FADCEB2429AE5F0D00B625A3 /* Assets.xcassets in Resources */,
				FADCEB2229AE5F0B00B625A3 /* Main.storyboard in Resources */,
			);
			runOnlyForDeploymentPostprocessing = 0;
		};
		FADCEB2B29AE5F0D00B625A3 /* Resources */ = {
			isa = PBXResourcesBuildPhase;
			buildActionMask = 2147483647;
			files = (
			);
			runOnlyForDeploymentPostprocessing = 0;
		};
		FADCEB3529AE5F0D00B625A3 /* Resources */ = {
			isa = PBXResourcesBuildPhase;
			buildActionMask = 2147483647;
			files = (
			);
			runOnlyForDeploymentPostprocessing = 0;
		};
/* End PBXResourcesBuildPhase section */

/* Begin PBXSourcesBuildPhase section */
		FADCEB1329AE5F0B00B625A3 /* Sources */ = {
			isa = PBXSourcesBuildPhase;
			buildActionMask = 2147483647;
			files = (
				FADCEB1F29AE5F0B00B625A3 /* ViewController.swift in Sources */,
				FADCEB1B29AE5F0B00B625A3 /* AppDelegate.swift in Sources */,
				FADCEB1D29AE5F0B00B625A3 /* SceneDelegate.swift in Sources */,
			);
			runOnlyForDeploymentPostprocessing = 0;
		};
		FADCEB2929AE5F0D00B625A3 /* Sources */ = {
			isa = PBXSourcesBuildPhase;
			buildActionMask = 2147483647;
			files = (
				FADCEB3229AE5F0D00B625A3 /* appsurgeTests.swift in Sources */,
			);
			runOnlyForDeploymentPostprocessing = 0;
		};
		FADCEB3329AE5F0D00B625A3 /* Sources */ = {
			isa = PBXSourcesBuildPhase;
			buildActionMask = 2147483647;
			files = (
				FADCEB3E29AE5F0D00B625A3 /* appsurgeUITestsLaunchTests.swift in Sources */,
				FADCEB3C29AE5F0D00B625A3 /* appsurgeUITests.swift in Sources */,
			);
			runOnlyForDeploymentPostprocessing = 0;
		};
/* End PBXSourcesBuildPhase section */

/* Begin PBXTargetDependency section */
		FADCEB2F29AE5F0D00B625A3 /* PBXTargetDependency */ = {
			isa = PBXTargetDependency;
			target = FADCEB1629AE5F0B00B625A3 /* appsurge */;
			targetProxy = FADCEB2E29AE5F0D00B625A3 /* PBXContainerItemProxy */;
		};
		FADCEB3929AE5F0D00B625A3 /* PBXTargetDependency */ = {
			isa = PBXTargetDependency;
			target = FADCEB1629AE5F0B00B625A3 /* appsurge */;
			targetProxy = FADCEB3829AE5F0D00B625A3 /* PBXContainerItemProxy */;
		};
/* End PBXTargetDependency section */

/* Begin PBXVariantGroup section */
		FADCEB2029AE5F0B00B625A3 /* Main.storyboard */ = {
			isa = PBXVariantGroup;
			children = (
				FADCEB2129AE5F0B00B625A3 /* Base */,
			);
			name = Main.storyboard;
			sourceTree = "<group>";
		};
		FADCEB2529AE5F0D00B625A3 /* LaunchScreen.storyboard */ = {
			isa = PBXVariantGroup;
			children = (
				FADCEB2629AE5F0D00B625A3 /* Base */,
			);
			name = LaunchScreen.storyboard;
			sourceTree = "<group>";
		};
/* End PBXVariantGroup section */

/* Begin XCBuildConfiguration section */
		FADCEB3F29AE5F0D00B625A3 /* Debug */ = {
			isa = XCBuildConfiguration;
			buildSettings = {
				ALWAYS_SEARCH_USER_PATHS = NO;
				CLANG_ANALYZER_NONNULL = YES;
				CLANG_ANALYZER_NUMBER_OBJECT_CONVERSION = YES_AGGRESSIVE;
				CLANG_CXX_LANGUAGE_STANDARD = "gnu++20";
				CLANG_ENABLE_MODULES = YES;
				CLANG_ENABLE_OBJC_ARC = YES;
				CLANG_ENABLE_OBJC_WEAK = YES;
				CLANG_WARN_BLOCK_CAPTURE_AUTORELEASING = YES;
				CLANG_WARN_BOOL_CONVERSION = YES;
				CLANG_WARN_COMMA = YES;
				CLANG_WARN_CONSTANT_CONVERSION = YES;
				CLANG_WARN_DEPRECATED_OBJC_IMPLEMENTATIONS = YES;
				CLANG_WARN_DIRECT_OBJC_ISA_USAGE = YES_ERROR;
				CLANG_WARN_DOCUMENTATION_COMMENTS = YES;
				CLANG_WARN_EMPTY_BODY = YES;
				CLANG_WARN_ENUM_CONVERSION = YES;
				CLANG_WARN_INFINITE_RECURSION = YES;
				CLANG_WARN_INT_CONVERSION = YES;
				CLANG_WARN_NON_LITERAL_NULL_CONVERSION = YES;
				CLANG_WARN_OBJC_IMPLICIT_RETAIN_SELF = YES;
				CLANG_WARN_OBJC_LITERAL_CONVERSION = YES;
				CLANG_WARN_OBJC_ROOT_CLASS = YES_ERROR;
				CLANG_WARN_QUOTED_INCLUDE_IN_FRAMEWORK_HEADER = YES;
				CLANG_WARN_RANGE_LOOP_ANALYSIS = YES;
				CLANG_WARN_STRICT_PROTOTYPES = YES;
				CLANG_WARN_SUSPICIOUS_MOVE = YES;
				CLANG_WARN_UNGUARDED_AVAILABILITY = YES_AGGRESSIVE;
				CLANG_WARN_UNREACHABLE_CODE = YES;
				CLANG_WARN__DUPLICATE_METHOD_MATCH = YES;
				COPY_PHASE_STRIP = NO;
				DEBUG_INFORMATION_FORMAT = dwarf;
				ENABLE_STRICT_OBJC_MSGSEND = YES;
				ENABLE_TESTABILITY = YES;
				GCC_C_LANGUAGE_STANDARD = gnu11;
				GCC_DYNAMIC_NO_PIC = NO;
				GCC_NO_COMMON_BLOCKS = YES;
				GCC_OPTIMIZATION_LEVEL = 0;
				GCC_PREPROCESSOR_DEFINITIONS = (
					"DEBUG=1",
					"$(inherited)",
				);
				GCC_WARN_64_TO_32_BIT_CONVERSION = YES;
				GCC_WARN_ABOUT_RETURN_TYPE = YES_ERROR;
				GCC_WARN_UNDECLARED_SELECTOR = YES;
				GCC_WARN_UNINITIALIZED_AUTOS = YES_AGGRESSIVE;
				GCC_WARN_UNUSED_FUNCTION = YES;
				GCC_WARN_UNUSED_VARIABLE = YES;
				IPHONEOS_DEPLOYMENT_TARGET = 16.2;
				MTL_ENABLE_DEBUG_INFO = INCLUDE_SOURCE;
				MTL_FAST_MATH = YES;
				ONLY_ACTIVE_ARCH = YES;
				SDKROOT = iphoneos;
				SWIFT_ACTIVE_COMPILATION_CONDITIONS = DEBUG;
				SWIFT_OPTIMIZATION_LEVEL = "-Onone";
			};
			name = Debug;
		};
		FADCEB4029AE5F0D00B625A3 /* Release */ = {
			isa = XCBuildConfiguration;
			buildSettings = {
				ALWAYS_SEARCH_USER_PATHS = NO;
				CLANG_ANALYZER_NONNULL = YES;
				CLANG_ANALYZER_NUMBER_OBJECT_CONVERSION = YES_AGGRESSIVE;
				CLANG_CXX_LANGUAGE_STANDARD = "gnu++20";
				CLANG_ENABLE_MODULES = YES;
				CLANG_ENABLE_OBJC_ARC = YES;
				CLANG_ENABLE_OBJC_WEAK = YES;
				CLANG_WARN_BLOCK_CAPTURE_AUTORELEASING = YES;
				CLANG_WARN_BOOL_CONVERSION = YES;
				CLANG_WARN_COMMA = YES;
				CLANG_WARN_CONSTANT_CONVERSION = YES;
				CLANG_WARN_DEPRECATED_OBJC_IMPLEMENTATIONS = YES;
				CLANG_WARN_DIRECT_OBJC_ISA_USAGE = YES_ERROR;
				CLANG_WARN_DOCUMENTATION_COMMENTS = YES;
				CLANG_WARN_EMPTY_BODY = YES;
				CLANG_WARN_ENUM_CONVERSION = YES;
				CLANG_WARN_INFINITE_RECURSION = YES;
				CLANG_WARN_INT_CONVERSION = YES;
				CLANG_WARN_NON_LITERAL_NULL_CONVERSION = YES;
				CLANG_WARN_OBJC_IMPLICIT_RETAIN_SELF = YES;
				CLANG_WARN_OBJC_LITERAL_CONVERSION = YES;
				CLANG_WARN_OBJC_ROOT_CLASS = YES_ERROR;
				CLANG_WARN_QUOTED_INCLUDE_IN_FRAMEWORK_HEADER = YES;
				CLANG_WARN_RANGE_LOOP_ANALYSIS = YES;
				CLANG_WARN_STRICT_PROTOTYPES = YES;
				CLANG_WARN_SUSPICIOUS_MOVE = YES;
				CLANG_WARN_UNGUARDED_AVAILABILITY = YES_AGGRESSIVE;
				CLANG_WARN_UNREACHABLE_CODE = YES;
				CLANG_WARN__DUPLICATE_METHOD_MATCH = YES;
				COPY_PHASE_STRIP = NO;
				DEBUG_INFORMATION_FORMAT = "dwarf-with-dsym";
				ENABLE_NS_ASSERTIONS = NO;
				ENABLE_STRICT_OBJC_MSGSEND = YES;
				GCC_C_LANGUAGE_STANDARD = gnu11;
				GCC_NO_COMMON_BLOCKS = YES;
				GCC_WARN_64_TO_32_BIT_CONVERSION = YES;
				GCC_WARN_ABOUT_RETURN_TYPE = YES_ERROR;
				GCC_WARN_UNDECLARED_SELECTOR = YES;
				GCC_WARN_UNINITIALIZED_AUTOS = YES_AGGRESSIVE;
				GCC_WARN_UNUSED_FUNCTION = YES;
				GCC_WARN_UNUSED_VARIABLE = YES;
				IPHONEOS_DEPLOYMENT_TARGET = 16.2;
				MTL_ENABLE_DEBUG_INFO = NO;
				MTL_FAST_MATH = YES;
				SDKROOT = iphoneos;
				SWIFT_COMPILATION_MODE = wholemodule;
				SWIFT_OPTIMIZATION_LEVEL = "-O";
				VALIDATE_PRODUCT = YES;
			};
			name = Release;
		};
		FADCEB4229AE5F0D00B625A3 /* Debug */ = {
			isa = XCBuildConfiguration;
			buildSettings = {
				ASSETCATALOG_COMPILER_APPICON_NAME = AppIcon;
				ASSETCATALOG_COMPILER_GLOBAL_ACCENT_COLOR_NAME = AccentColor;
				CODE_SIGN_STYLE = Automatic;
				CURRENT_PROJECT_VERSION = 1;
				GENERATE_INFOPLIST_FILE = YES;
				INFOPLIST_FILE = appsurge/Info.plist;
				INFOPLIST_KEY_UIApplicationSupportsIndirectInputEvents = YES;
				INFOPLIST_KEY_UILaunchStoryboardName = LaunchScreen;
				INFOPLIST_KEY_UIMainStoryboardFile = Main;
				INFOPLIST_KEY_UISupportedInterfaceOrientations_iPad = "UIInterfaceOrientationPortrait UIInterfaceOrientationPortraitUpsideDown UIInterfaceOrientationLandscapeLeft UIInterfaceOrientationLandscapeRight";
				INFOPLIST_KEY_UISupportedInterfaceOrientations_iPhone = "UIInterfaceOrientationPortrait UIInterfaceOrientationLandscapeLeft UIInterfaceOrientationLandscapeRight";
				LD_RUNPATH_SEARCH_PATHS = (
					"$(inherited)",
					"@executable_path/Frameworks",
				);
				MARKETING_VERSION = 1.0;
				PRODUCT_BUNDLE_IDENTIFIER = nwmissouri.edu.appsurge;
				PRODUCT_NAME = "$(TARGET_NAME)";
				SWIFT_EMIT_LOC_STRINGS = YES;
				SWIFT_VERSION = 5.0;
				TARGETED_DEVICE_FAMILY = "1,2";
			};
			name = Debug;
		};
		FADCEB4329AE5F0D00B625A3 /* Release */ = {
			isa = XCBuildConfiguration;
			buildSettings = {
				ASSETCATALOG_COMPILER_APPICON_NAME = AppIcon;
				ASSETCATALOG_COMPILER_GLOBAL_ACCENT_COLOR_NAME = AccentColor;
				CODE_SIGN_STYLE = Automatic;
				CURRENT_PROJECT_VERSION = 1;
				GENERATE_INFOPLIST_FILE = YES;
				INFOPLIST_FILE = appsurge/Info.plist;
				INFOPLIST_KEY_UIApplicationSupportsIndirectInputEvents = YES;
				INFOPLIST_KEY_UILaunchStoryboardName = LaunchScreen;
				INFOPLIST_KEY_UIMainStoryboardFile = Main;
				INFOPLIST_KEY_UISupportedInterfaceOrientations_iPad = "UIInterfaceOrientationPortrait UIInterfaceOrientationPortraitUpsideDown UIInterfaceOrientationLandscapeLeft UIInterfaceOrientationLandscapeRight";
				INFOPLIST_KEY_UISupportedInterfaceOrientations_iPhone = "UIInterfaceOrientationPortrait UIInterfaceOrientationLandscapeLeft UIInterfaceOrientationLandscapeRight";
				LD_RUNPATH_SEARCH_PATHS = (
					"$(inherited)",
					"@executable_path/Frameworks",
				);
				MARKETING_VERSION = 1.0;
				PRODUCT_BUNDLE_IDENTIFIER = nwmissouri.edu.appsurge;
				PRODUCT_NAME = "$(TARGET_NAME)";
				SWIFT_EMIT_LOC_STRINGS = YES;
				SWIFT_VERSION = 5.0;
				TARGETED_DEVICE_FAMILY = "1,2";
			};
			name = Release;
		};
		FADCEB4529AE5F0D00B625A3 /* Debug */ = {
			isa = XCBuildConfiguration;
			buildSettings = {
				ALWAYS_EMBED_SWIFT_STANDARD_LIBRARIES = YES;
				BUNDLE_LOADER = "$(TEST_HOST)";
				CODE_SIGN_STYLE = Automatic;
				CURRENT_PROJECT_VERSION = 1;
				GENERATE_INFOPLIST_FILE = YES;
				IPHONEOS_DEPLOYMENT_TARGET = 16.2;
				MARKETING_VERSION = 1.0;
				PRODUCT_BUNDLE_IDENTIFIER = nwmissouri.edu.appsurgeTests;
				PRODUCT_NAME = "$(TARGET_NAME)";
				SWIFT_EMIT_LOC_STRINGS = NO;
				SWIFT_VERSION = 5.0;
				TARGETED_DEVICE_FAMILY = "1,2";
				TEST_HOST = "$(BUILT_PRODUCTS_DIR)/appsurge.app/$(BUNDLE_EXECUTABLE_FOLDER_PATH)/appsurge";
			};
			name = Debug;
		};
		FADCEB4629AE5F0D00B625A3 /* Release */ = {
			isa = XCBuildConfiguration;
			buildSettings = {
				ALWAYS_EMBED_SWIFT_STANDARD_LIBRARIES = YES;
				BUNDLE_LOADER = "$(TEST_HOST)";
				CODE_SIGN_STYLE = Automatic;
				CURRENT_PROJECT_VERSION = 1;
				GENERATE_INFOPLIST_FILE = YES;
				IPHONEOS_DEPLOYMENT_TARGET = 16.2;
				MARKETING_VERSION = 1.0;
				PRODUCT_BUNDLE_IDENTIFIER = nwmissouri.edu.appsurgeTests;
				PRODUCT_NAME = "$(TARGET_NAME)";
				SWIFT_EMIT_LOC_STRINGS = NO;
				SWIFT_VERSION = 5.0;
				TARGETED_DEVICE_FAMILY = "1,2";
				TEST_HOST = "$(BUILT_PRODUCTS_DIR)/appsurge.app/$(BUNDLE_EXECUTABLE_FOLDER_PATH)/appsurge";
			};
			name = Release;
		};
		FADCEB4829AE5F0D00B625A3 /* Debug */ = {
			isa = XCBuildConfiguration;
			buildSettings = {
				ALWAYS_EMBED_SWIFT_STANDARD_LIBRARIES = YES;
				CODE_SIGN_STYLE = Automatic;
				CURRENT_PROJECT_VERSION = 1;
				GENERATE_INFOPLIST_FILE = YES;
				MARKETING_VERSION = 1.0;
				PRODUCT_BUNDLE_IDENTIFIER = nwmissouri.edu.appsurgeUITests;
				PRODUCT_NAME = "$(TARGET_NAME)";
				SWIFT_EMIT_LOC_STRINGS = NO;
				SWIFT_VERSION = 5.0;
				TARGETED_DEVICE_FAMILY = "1,2";
				TEST_TARGET_NAME = appsurge;
			};
			name = Debug;
		};
		FADCEB4929AE5F0D00B625A3 /* Release */ = {
			isa = XCBuildConfiguration;
			buildSettings = {
				ALWAYS_EMBED_SWIFT_STANDARD_LIBRARIES = YES;
				CODE_SIGN_STYLE = Automatic;
				CURRENT_PROJECT_VERSION = 1;
				GENERATE_INFOPLIST_FILE = YES;
				MARKETING_VERSION = 1.0;
				PRODUCT_BUNDLE_IDENTIFIER = nwmissouri.edu.appsurgeUITests;
				PRODUCT_NAME = "$(TARGET_NAME)";
				SWIFT_EMIT_LOC_STRINGS = NO;
				SWIFT_VERSION = 5.0;
				TARGETED_DEVICE_FAMILY = "1,2";
				TEST_TARGET_NAME = appsurge;
			};
			name = Release;
		};
/* End XCBuildConfiguration section */

/* Begin XCConfigurationList section */
		FADCEB1229AE5F0B00B625A3 /* Build configuration list for PBXProject "appsurge" */ = {
			isa = XCConfigurationList;
			buildConfigurations = (
				FADCEB3F29AE5F0D00B625A3 /* Debug */,
				FADCEB4029AE5F0D00B625A3 /* Release */,
			);
			defaultConfigurationIsVisible = 0;
			defaultConfigurationName = Release;
		};
		FADCEB4129AE5F0D00B625A3 /* Build configuration list for PBXNativeTarget "appsurge" */ = {
			isa = XCConfigurationList;
			buildConfigurations = (
				FADCEB4229AE5F0D00B625A3 /* Debug */,
				FADCEB4329AE5F0D00B625A3 /* Release */,
			);
			defaultConfigurationIsVisible = 0;
			defaultConfigurationName = Release;
		};
		FADCEB4429AE5F0D00B625A3 /* Build configuration list for PBXNativeTarget "appsurgeTests" */ = {
			isa = XCConfigurationList;
			buildConfigurations = (
				FADCEB4529AE5F0D00B625A3 /* Debug */,
				FADCEB4629AE5F0D00B625A3 /* Release */,
			);
			defaultConfigurationIsVisible = 0;
			defaultConfigurationName = Release;
		};
		FADCEB4729AE5F0D00B625A3 /* Build configuration list for PBXNativeTarget "appsurgeUITests" */ = {
			isa = XCConfigurationList;
			buildConfigurations = (
				FADCEB4829AE5F0D00B625A3 /* Debug */,
				FADCEB4929AE5F0D00B625A3 /* Release */,
			);
			defaultConfigurationIsVisible = 0;
			defaultConfigurationName = Release;
		};
/* End XCConfigurationList section */
	};
	rootObject = FADCEB0F29AE5F0B00B625A3 /* Project object */;
}
